{
  "name": "nodejs-component-manager",
  "version": "1.0.5",
  "lockfileVersion": 2,
  "requires": true,
  "packages": {
    "": {
      "name": "nodejs-component-manager",
      "version": "1.0.5",
      "license": "MIT",
      "dependencies": {
        "nodejs-component-manager": "^1.0.5"
      }
    },
    "node_modules/nodejs-component-manager": {
      "version": "1.0.5",
      "resolved": "https://registry.npmjs.org/nodejs-component-manager/-/nodejs-component-manager-1.0.5.tgz",
      "integrity": "sha512-Fd2JgPzaJif5qTjp+HFGupn7BmLeH6WgtUk0Gsm5dR6NoQ0bVRbMnUz6+TpPD6nHqw3CpTe7dlAtGcuK1ahzdA=="
    }
  },
  "dependencies": {
    "nodejs-component-manager": {
      "version": "1.0.5",
      "resolved": "https://registry.npmjs.org/nodejs-component-manager/-/nodejs-component-manager-1.0.5.tgz",
      "integrity": "sha512-Fd2JgPzaJif5qTjp+HFGupn7BmLeH6WgtUk0Gsm5dR6NoQ0bVRbMnUz6+TpPD6nHqw3CpTe7dlAtGcuK1ahzdA=="
    }
  }
}
